
Microsoft Visual Studio Solution File, Format Version 12.00
# Visual Studio 15
VisualStudioVersion = 15.0.27130.2027
MinimumVisualStudioVersion = 10.0.40219.1
Project("{FAE04EC0-301F-11D3-BF4B-00C04F79EFBC}") = "ChallengeDaysBetweenDates", "ChallengeDaysBetweenDates\ChallengeDaysBetweenDates.csproj", "{A3076EB4-612E-47BE-B585-51EDE5BA60CA}"
EndProject
Global
	GlobalSection(SolutionConfigurationPlatforms) = preSolution
		Debug|Any CPU = Debug|Any CPU
		Release|Any CPU = Release|Any CPU
	EndGlobalSection
	GlobalSection(ProjectConfigurationPlatforms) = postSolution
		{A3076EB4-612E-47BE-B585-51EDE5BA60CA}.Debug|Any CPU.ActiveCfg = Debug|Any CPU
		{A3076EB4-612E-47BE-B585-51EDE5BA60CA}.Debug|Any CPU.Build.0 = Debug|Any CPU
		{A3076EB4-612E-47BE-B585-51EDE5BA60CA}.Release|Any CPU.ActiveCfg = Release|Any CPU
		{A3076EB4-612E-47BE-B585-51EDE5BA60CA}.Release|Any CPU.Build.0 = Release|Any CPU
	EndGlobalSection
	GlobalSection(SolutionProperties) = preSolution
		HideSolutionNode = FALSE
	EndGlobalSection
	GlobalSection(ExtensibilityGlobals) = postSolution
		SolutionGuid = {F32EBD67-0400-4563-B9DB-D4D3A2B23535}
	EndGlobalSection
EndGlobal
